// !$*UTF8*$!
{
	archiveVersion = 1;
	classes = {
	};
	objectVersion = 46;
	objects = {

/* Begin PBXBuildFile section */
		C79A21021DE44D14004AD29E /* main.m in Sources */ = {isa = PBXBuildFile; fileRef = C79A21011DE44D14004AD29E /* main.m */; };
		C79A210C1DE44F1A004AD29E /* B.m in Sources */ = {isa = PBXBuildFile; fileRef = C79A210B1DE44F1A004AD29E /* B.m */; };
/* End PBXBuildFile section */

/* Begin PBXCopyFilesBuildPhase section */
		C79A20FC1DE44D14004AD29E /* CopyFiles */ = {
			isa = PBXCopyFilesBuildPhase;
			buildActionMask = 2147483647;
			dstPath = /usr/share/man/man1/;
			dstSubfolderSpec = 0;
			files = (
			);
			runOnlyForDeploymentPostprocessing = 1;
		};
/* End PBXCopyFilesBuildPhase section */

/* Begin PBXFileReference section */
		C79A20FE1DE44D14004AD29E /* objectC_Static */ = {isa = PBXFileReference; explicitFileType = "compiled.mach-o.executable"; includeInIndex = 0; path = objectC_Static; sourceTree = BUILT_PRODUCTS_DIR; };
		C79A21011DE44D14004AD29E /* main.m */ = {isa = PBXFileReference; lastKnownFileType = sourcecode.c.objc; path = main.m; sourceTree = "<group>"; };
		C79A210B1DE44F1A004AD29E /* B.m */ = {isa = PBXFileReference; fileEncoding = 4; lastKnownFileType = sourcecode.c.objc; path = B.m; sourceTree = "<group>"; };
		C79A210D1DE44F2E004AD29E /* B.h */ = {isa = PBXFileReference; lastKnownFileType = sourcecode.c.h; path = B.h; sourceTree = "<group>"; };
/* End PBXFileReference section */

/* Begin PBXFrameworksBuildPhase section */
		C79A20FB1DE44D14004AD29E /* Frameworks */ = {
			isa = PBXFrameworksBuildPhase;
			buildActionMask = 2147483647;
			files = (
			);
			runOnlyForDeploymentPostprocessing = 0;
		};
/* End PBXFrameworksBuildPhase section */

/* Begin PBXGroup section */
		C79A20F51DE44D13004AD29E = {
			isa = PBXGroup;
			children = (
				C79A21001DE44D14004AD29E /* objectC_Static */,
				C79A20FF1DE44D14004AD29E /* Products */,
			);
			sourceTree = "<group>";
		};
		C79A20FF1DE44D14004AD29E /* Products */ = {
			isa = PBXGroup;
			children = (
				C79A20FE1DE44D14004AD29E /* objectC_Static */,
			);
			name = Products;
			sourceTree = "<group>";
		};
		C79A21001DE44D14004AD29E /* objectC_Static */ = {
			isa = PBXGroup;
			children = (
				C79A21011DE44D14004AD29E /* main.m */,
				C79A210B1DE44F1A004AD29E /* B.m */,
				C79A210D1DE44F2E004AD29E /* B.h */,
			);
			path = objectC_Static;
			sourceTree = "<group>";
		};
/* End PBXGroup section */

/* Begin PBXNativeTarget section */
		C79A20FD1DE44D14004AD29E /* objectC_Static */ = {
			isa = PBXNativeTarget;
			buildConfigurationList = C79A21051DE44D14004AD29E /* Build configuration list for PBXNativeTarget "objectC_Static" */;
			buildPhases = (
				C79A20FA1DE44D14004AD29E /* Sources */,
				C79A20FB1DE44D14004AD29E /* Frameworks */,
				C79A20FC1DE44D14004AD29E /* CopyFiles */,
			);
			buildRules = (
			);
			dependencies = (
			);
			name = objectC_Static;
			productName = objectC_Static;
			productReference = C79A20FE1DE44D14004AD29E /* objectC_Static */;
			productType = "com.apple.product-type.tool";
		};
/* End PBXNativeTarget section */

/* Begin PBXProject section */
		C79A20F61DE44D13004AD29E /* Project object */ = {
			isa = PBXProject;
			attributes = {
				LastUpgradeCheck = 0730;
				ORGANIZATIONNAME = GinaY;
				TargetAttributes = {
					C79A20FD1DE44D14004AD29E = {
						CreatedOnToolsVersion = 7.3;
					};
				};
			};
			buildConfigurationList = C79A20F91DE44D13004AD29E /* Build configuration list for PBXProject "objectC_Static" */;
			compatibilityVersion = "Xcode 3.2";
			developmentRegion = English;
			hasScannedForEncodings = 0;
			knownRegions = (
				en,
			);
			mainGroup = C79A20F51DE44D13004AD29E;
			productRefGroup = C79A20FF1DE44D14004AD29E /* Products */;
			projectDirPath = "";
			projectRoot = "";
			targets = (
				C79A20FD1DE44D14004AD29E /* objectC_Static */,
			);
		};
/* End PBXProject section */

/* Begin PBXSourcesBuildPhase section */
		C79A20FA1DE44D14004AD29E /* Sources */ = {
			isa = PBXSourcesBuildPhase;
			buildActionMask = 2147483647;
			files = (
				C79A210C1DE44F1A004AD29E /* B.m in Sources */,
				C79A21021DE44D14004AD29E /* main.m in Sources */,
			);
			runOnlyForDeploymentPostprocessing = 0;
		};
/* End PBXSourcesBuildPhase section */

/* Begin XCBuildConfiguration section */
		C79A21031DE44D14004AD29E /* Debug */ = {
			isa = XCBuildConfiguration;
			buildSettings = {
				ALWAYS_SEARCH_USER_PATHS = NO;
				CLANG_ANALYZER_NONNULL = YES;
				CLANG_CXX_LANGUAGE_STANDARD = "gnu++0x";
				CLANG_CXX_LIBRARY = "libc++";
				CLANG_ENABLE_MODULES = YES;
				CLANG_ENABLE_OBJC_ARC = YES;
				CLANG_WARN_BOOL_CONVERSION = YES;
				CLANG_WARN_CONSTANT_CONVERSION = YES;
				CLANG_WARN_DIRECT_OBJC_ISA_USAGE = YES_ERROR;
				CLANG_WARN_EMPTY_BODY = YES;
				CLANG_WARN_ENUM_CONVERSION = YES;
				CLANG_WARN_INT_CONVERSION = YES;
				CLANG_WARN_OBJC_ROOT_CLASS = YES_ERROR;
				CLANG_WARN_UNREACHABLE_CODE = YES;
				CLANG_WARN__DUPLICATE_METHOD_MATCH = YES;
				CODE_SIGN_IDENTITY = "-";
				COPY_PHASE_STRIP = NO;
				DEBUG_INFORMATION_FORMAT = dwarf;
				ENABLE_STRICT_OBJC_MSGSEND = YES;
				ENABLE_TESTABILITY = YES;
				GCC_C_LANGUAGE_STANDARD = gnu99;
				GCC_DYNAMIC_NO_PIC = NO;
				GCC_NO_COMMON_BLOCKS = YES;
				GCC_OPTIMIZATION_LEVEL = 0;
				GCC_PREPROCESSOR_DEFINITIONS = (
					"DEBUG=1",
					"$(inherited)",
				);
				GCC_WARN_64_TO_32_BIT_CONVERSION = YES;
				GCC_WARN_ABOUT_RETURN_TYPE = YES_ERROR;
				GCC_WARN_UNDECLARED_SELECTOR = YES;
				GCC_WARN_UNINITIALIZED_AUTOS = YES_AGGRESSIVE;
				GCC_WARN_UNUSED_FUNCTION = YES;
				GCC_WARN_UNUSED_VARIABLE = YES;
				MACOSX_DEPLOYMENT_TARGET = 10.11;
				MTL_ENABLE_DEBUG_INFO = YES;
				ONLY_ACTIVE_ARCH = YES;
				SDKROOT = macosx;
			};
			name = Debug;
		};
		C79A21041DE44D14004AD29E /* Release */ = {
			isa = XCBuildConfiguration;
			buildSettings = {
				ALWAYS_SEARCH_USER_PATHS = NO;
				CLANG_ANALYZER_NONNULL = YES;
				CLANG_CXX_LANGUAGE_STANDARD = "gnu++0x";
				CLANG_CXX_LIBRARY = "libc++";
				CLANG_ENABLE_MODULES = YES;
				CLANG_ENABLE_OBJC_ARC = YES;
				CLANG_WARN_BOOL_CONVERSION = YES;
				CLANG_WARN_CONSTANT_CONVERSION = YES;
				CLANG_WARN_DIRECT_OBJC_ISA_USAGE = YES_ERROR;
				CLANG_WARN_EMPTY_BODY = YES;
				CLANG_WARN_ENUM_CONVERSION = YES;
				CLANG_WARN_INT_CONVERSION = YES;
				CLANG_WARN_OBJC_ROOT_CLASS = YES_ERROR;
				CLANG_WARN_UNREACHABLE_CODE = YES;
				CLANG_WARN__DUPLICATE_METHOD_MATCH = YES;
				CODE_SIGN_IDENTITY = "-";
				COPY_PHASE_STRIP = NO;
				DEBUG_INFORMATION_FORMAT = "dwarf-with-dsym";
				ENABLE_NS_ASSERTIONS = NO;
				ENABLE_STRICT_OBJC_MSGSEND = YES;
				GCC_C_LANGUAGE_STANDARD = gnu99;
				GCC_NO_COMMON_BLOCKS = YES;
				GCC_WARN_64_TO_32_BIT_CONVERSION = YES;
				GCC_WARN_ABOUT_RETURN_TYPE = YES_ERROR;
				GCC_WARN_UNDECLARED_SELECTOR = YES;
				GCC_WARN_UNINITIALIZED_AUTOS = YES_AGGRESSIVE;
				GCC_WARN_UNUSED_FUNCTION = YES;
				GCC_WARN_UNUSED_VARIABLE = YES;
				MACOSX_DEPLOYMENT_TARGET = 10.11;
				MTL_ENABLE_DEBUG_INFO = NO;
				SDKROOT = macosx;
			};
			name = Release;
		};
		C79A21061DE44D14004AD29E /* Debug */ = {
			isa = XCBuildConfiguration;
			buildSettings = {
				PRODUCT_NAME = "$(TARGET_NAME)";
			};
			name = Debug;
		};
		C79A21071DE44D14004AD29E /* Release */ = {
			isa = XCBuildConfiguration;
			buildSettings = {
				PRODUCT_NAME = "$(TARGET_NAME)";
			};
			name = Release;
		};
/* End XCBuildConfiguration section */

/* Begin XCConfigurationList section */
		C79A20F91DE44D13004AD29E /* Build configuration list for PBXProject "objectC_Static" */ = {
			isa = XCConfigurationList;
			buildConfigurations = (
				C79A21031DE44D14004AD29E /* Debug */,
				C79A21041DE44D14004AD29E /* Release */,
			);
			defaultConfigurationIsVisible = 0;
			defaultConfigurationName = Release;
		};
		C79A21051DE44D14004AD29E /* Build configuration list for PBXNativeTarget "objectC_Static" */ = {
			isa = XCConfigurationList;
			buildConfigurations = (
				C79A21061DE44D14004AD29E /* Debug */,
				C79A21071DE44D14004AD29E /* Release */,
			);
			defaultConfigurationIsVisible = 0;
		};
/* End XCConfigurationList section */
	};
	rootObject = C79A20F61DE44D13004AD29E /* Project object */;
}
